// !$*UTF8*$!
{
	archiveVersion = 1;
	classes = {
	};
	objectVersion = 56;
	objects = {

/* Begin PBXBuildFile section */
		F7E8B23A2C2D422A00E6DD1B /* SwiftUI_AppetizerApp.swift in Sources */ = {isa = PBXBuildFile; fileRef = F7E8B2392C2D422A00E6DD1B /* SwiftUI_AppetizerApp.swift */; };
		F7E8B23C2C2D422B00E6DD1B /* AppetizerTabView.swift in Sources */ = {isa = PBXBuildFile; fileRef = F7E8B23B2C2D422B00E6DD1B /* AppetizerTabView.swift */; };
		F7E8B23E2C2D422B00E6DD1B /* Item.swift in Sources */ = {isa = PBXBuildFile; fileRef = F7E8B23D2C2D422B00E6DD1B /* Item.swift */; };
		F7E8B2402C2D422C00E6DD1B /* Assets.xcassets in Resources */ = {isa = PBXBuildFile; fileRef = F7E8B23F2C2D422C00E6DD1B /* Assets.xcassets */; };
		F7E8B2432C2D422C00E6DD1B /* Preview Assets.xcassets in Resources */ = {isa = PBXBuildFile; fileRef = F7E8B2422C2D422C00E6DD1B /* Preview Assets.xcassets */; };
		F7E8B24D2C2D422D00E6DD1B /* SwiftUI_AppetizerTests.swift in Sources */ = {isa = PBXBuildFile; fileRef = F7E8B24C2C2D422D00E6DD1B /* SwiftUI_AppetizerTests.swift */; };
		F7E8B2572C2D422D00E6DD1B /* SwiftUI_AppetizerUITests.swift in Sources */ = {isa = PBXBuildFile; fileRef = F7E8B2562C2D422D00E6DD1B /* SwiftUI_AppetizerUITests.swift */; };
		F7E8B2592C2D422D00E6DD1B /* SwiftUI_AppetizerUITestsLaunchTests.swift in Sources */ = {isa = PBXBuildFile; fileRef = F7E8B2582C2D422D00E6DD1B /* SwiftUI_AppetizerUITestsLaunchTests.swift */; };
		F7E8B26D2C2D436300E6DD1B /* AppetizerListView.swift in Sources */ = {isa = PBXBuildFile; fileRef = F7E8B26C2C2D436300E6DD1B /* AppetizerListView.swift */; };
		F7E8B26F2C2D436A00E6DD1B /* AppetizerAccountView.swift in Sources */ = {isa = PBXBuildFile; fileRef = F7E8B26E2C2D436A00E6DD1B /* AppetizerAccountView.swift */; };
		F7E8B2712C2D437300E6DD1B /* AppetizerOrderView.swift in Sources */ = {isa = PBXBuildFile; fileRef = F7E8B2702C2D437300E6DD1B /* AppetizerOrderView.swift */; };
		F7E8B2742C2D5FDA00E6DD1B /* AppetizerModel.swift in Sources */ = {isa = PBXBuildFile; fileRef = F7E8B2732C2D5FDA00E6DD1B /* AppetizerModel.swift */; };
/* End PBXBuildFile section */

/* Begin PBXContainerItemProxy section */
		F7E8B2492C2D422D00E6DD1B /* PBXContainerItemProxy */ = {
			isa = PBXContainerItemProxy;
			containerPortal = F7E8B22E2C2D422A00E6DD1B /* Project object */;
			proxyType = 1;
			remoteGlobalIDString = F7E8B2352C2D422A00E6DD1B;
			remoteInfo = "SwiftUI-Appetizer";
		};
		F7E8B2532C2D422D00E6DD1B /* PBXContainerItemProxy */ = {
			isa = PBXContainerItemProxy;
			containerPortal = F7E8B22E2C2D422A00E6DD1B /* Project object */;
			proxyType = 1;
			remoteGlobalIDString = F7E8B2352C2D422A00E6DD1B;
			remoteInfo = "SwiftUI-Appetizer";
		};
/* End PBXContainerItemProxy section */

/* Begin PBXFileReference section */
		F7E8B2362C2D422A00E6DD1B /* SwiftUI-Appetizer.app */ = {isa = PBXFileReference; explicitFileType = wrapper.application; includeInIndex = 0; path = "SwiftUI-Appetizer.app"; sourceTree = BUILT_PRODUCTS_DIR; };
		F7E8B2392C2D422A00E6DD1B /* SwiftUI_AppetizerApp.swift */ = {isa = PBXFileReference; lastKnownFileType = sourcecode.swift; path = SwiftUI_AppetizerApp.swift; sourceTree = "<group>"; };
		F7E8B23B2C2D422B00E6DD1B /* AppetizerTabView.swift */ = {isa = PBXFileReference; lastKnownFileType = sourcecode.swift; path = AppetizerTabView.swift; sourceTree = "<group>"; };
		F7E8B23D2C2D422B00E6DD1B /* Item.swift */ = {isa = PBXFileReference; lastKnownFileType = sourcecode.swift; path = Item.swift; sourceTree = "<group>"; };
		F7E8B23F2C2D422C00E6DD1B /* Assets.xcassets */ = {isa = PBXFileReference; lastKnownFileType = folder.assetcatalog; path = Assets.xcassets; sourceTree = "<group>"; };
		F7E8B2422C2D422C00E6DD1B /* Preview Assets.xcassets */ = {isa = PBXFileReference; lastKnownFileType = folder.assetcatalog; path = "Preview Assets.xcassets"; sourceTree = "<group>"; };
		F7E8B2482C2D422D00E6DD1B /* SwiftUI-AppetizerTests.xctest */ = {isa = PBXFileReference; explicitFileType = wrapper.cfbundle; includeInIndex = 0; path = "SwiftUI-AppetizerTests.xctest"; sourceTree = BUILT_PRODUCTS_DIR; };
		F7E8B24C2C2D422D00E6DD1B /* SwiftUI_AppetizerTests.swift */ = {isa = PBXFileReference; lastKnownFileType = sourcecode.swift; path = SwiftUI_AppetizerTests.swift; sourceTree = "<group>"; };
		F7E8B2522C2D422D00E6DD1B /* SwiftUI-AppetizerUITests.xctest */ = {isa = PBXFileReference; explicitFileType = wrapper.cfbundle; includeInIndex = 0; path = "SwiftUI-AppetizerUITests.xctest"; sourceTree = BUILT_PRODUCTS_DIR; };
		F7E8B2562C2D422D00E6DD1B /* SwiftUI_AppetizerUITests.swift */ = {isa = PBXFileReference; lastKnownFileType = sourcecode.swift; path = SwiftUI_AppetizerUITests.swift; sourceTree = "<group>"; };
		F7E8B2582C2D422D00E6DD1B /* SwiftUI_AppetizerUITestsLaunchTests.swift */ = {isa = PBXFileReference; lastKnownFileType = sourcecode.swift; path = SwiftUI_AppetizerUITestsLaunchTests.swift; sourceTree = "<group>"; };
		F7E8B26C2C2D436300E6DD1B /* AppetizerListView.swift */ = {isa = PBXFileReference; lastKnownFileType = sourcecode.swift; path = AppetizerListView.swift; sourceTree = "<group>"; };
		F7E8B26E2C2D436A00E6DD1B /* AppetizerAccountView.swift */ = {isa = PBXFileReference; lastKnownFileType = sourcecode.swift; path = AppetizerAccountView.swift; sourceTree = "<group>"; };
		F7E8B2702C2D437300E6DD1B /* AppetizerOrderView.swift */ = {isa = PBXFileReference; lastKnownFileType = sourcecode.swift; path = AppetizerOrderView.swift; sourceTree = "<group>"; };
		F7E8B2732C2D5FDA00E6DD1B /* AppetizerModel.swift */ = {isa = PBXFileReference; lastKnownFileType = sourcecode.swift; path = AppetizerModel.swift; sourceTree = "<group>"; };
/* End PBXFileReference section */

/* Begin PBXFrameworksBuildPhase section */
		F7E8B2332C2D422A00E6DD1B /* Frameworks */ = {
			isa = PBXFrameworksBuildPhase;
			buildActionMask = 2147483647;
			files = (
			);
			runOnlyForDeploymentPostprocessing = 0;
		};
		F7E8B2452C2D422D00E6DD1B /* Frameworks */ = {
			isa = PBXFrameworksBuildPhase;
			buildActionMask = 2147483647;
			files = (
			);
			runOnlyForDeploymentPostprocessing = 0;
		};
		F7E8B24F2C2D422D00E6DD1B /* Frameworks */ = {
			isa = PBXFrameworksBuildPhase;
			buildActionMask = 2147483647;
			files = (
			);
			runOnlyForDeploymentPostprocessing = 0;
		};
/* End PBXFrameworksBuildPhase section */

/* Begin PBXGroup section */
		F7E8B22D2C2D422A00E6DD1B = {
			isa = PBXGroup;
			children = (
				F7E8B2382C2D422A00E6DD1B /* SwiftUI-Appetizer */,
				F7E8B24B2C2D422D00E6DD1B /* SwiftUI-AppetizerTests */,
				F7E8B2552C2D422D00E6DD1B /* SwiftUI-AppetizerUITests */,
				F7E8B2372C2D422A00E6DD1B /* Products */,
			);
			sourceTree = "<group>";
		};
		F7E8B2372C2D422A00E6DD1B /* Products */ = {
			isa = PBXGroup;
			children = (
				F7E8B2362C2D422A00E6DD1B /* SwiftUI-Appetizer.app */,
				F7E8B2482C2D422D00E6DD1B /* SwiftUI-AppetizerTests.xctest */,
				F7E8B2522C2D422D00E6DD1B /* SwiftUI-AppetizerUITests.xctest */,
			);
			name = Products;
			sourceTree = "<group>";
		};
		F7E8B2382C2D422A00E6DD1B /* SwiftUI-Appetizer */ = {
			isa = PBXGroup;
			children = (
				F7E8B2722C2D5F2D00E6DD1B /* Model */,
				F7E8B2652C2D432300E6DD1B /* Screens */,
				F7E8B2392C2D422A00E6DD1B /* SwiftUI_AppetizerApp.swift */,
				F7E8B23B2C2D422B00E6DD1B /* AppetizerTabView.swift */,
				F7E8B23D2C2D422B00E6DD1B /* Item.swift */,
				F7E8B23F2C2D422C00E6DD1B /* Assets.xcassets */,
				F7E8B2412C2D422C00E6DD1B /* Preview Content */,
			);
			path = "SwiftUI-Appetizer";
			sourceTree = "<group>";
		};
		F7E8B2412C2D422C00E6DD1B /* Preview Content */ = {
			isa = PBXGroup;
			children = (
				F7E8B2422C2D422C00E6DD1B /* Preview Assets.xcassets */,
			);
			path = "Preview Content";
			sourceTree = "<group>";
		};
		F7E8B24B2C2D422D00E6DD1B /* SwiftUI-AppetizerTests */ = {
			isa = PBXGroup;
			children = (
				F7E8B24C2C2D422D00E6DD1B /* SwiftUI_AppetizerTests.swift */,
			);
			path = "SwiftUI-AppetizerTests";
			sourceTree = "<group>";
		};
		F7E8B2552C2D422D00E6DD1B /* SwiftUI-AppetizerUITests */ = {
			isa = PBXGroup;
			children = (
				F7E8B2562C2D422D00E6DD1B /* SwiftUI_AppetizerUITests.swift */,
				F7E8B2582C2D422D00E6DD1B /* SwiftUI_AppetizerUITestsLaunchTests.swift */,
			);
			path = "SwiftUI-AppetizerUITests";
			sourceTree = "<group>";
		};
		F7E8B2652C2D432300E6DD1B /* Screens */ = {
			isa = PBXGroup;
			children = (
				F7E8B26C2C2D436300E6DD1B /* AppetizerListView.swift */,
				F7E8B26E2C2D436A00E6DD1B /* AppetizerAccountView.swift */,
				F7E8B2702C2D437300E6DD1B /* AppetizerOrderView.swift */,
			);
			path = Screens;
			sourceTree = "<group>";
		};
		F7E8B2722C2D5F2D00E6DD1B /* Model */ = {
			isa = PBXGroup;
			children = (
				F7E8B2732C2D5FDA00E6DD1B /* AppetizerModel.swift */,
			);
			path = Model;
			sourceTree = "<group>";
		};
/* End PBXGroup section */

/* Begin PBXNativeTarget section */
		F7E8B2352C2D422A00E6DD1B /* SwiftUI-Appetizer */ = {
			isa = PBXNativeTarget;
			buildConfigurationList = F7E8B25C2C2D422D00E6DD1B /* Build configuration list for PBXNativeTarget "SwiftUI-Appetizer" */;
			buildPhases = (
				F7E8B2322C2D422A00E6DD1B /* Sources */,
				F7E8B2332C2D422A00E6DD1B /* Frameworks */,
				F7E8B2342C2D422A00E6DD1B /* Resources */,
			);
			buildRules = (
			);
			dependencies = (
			);
			name = "SwiftUI-Appetizer";
			productName = "SwiftUI-Appetizer";
			productReference = F7E8B2362C2D422A00E6DD1B /* SwiftUI-Appetizer.app */;
			productType = "com.apple.product-type.application";
		};
		F7E8B2472C2D422D00E6DD1B /* SwiftUI-AppetizerTests */ = {
			isa = PBXNativeTarget;
			buildConfigurationList = F7E8B25F2C2D422D00E6DD1B /* Build configuration list for PBXNativeTarget "SwiftUI-AppetizerTests" */;
			buildPhases = (
				F7E8B2442C2D422D00E6DD1B /* Sources */,
				F7E8B2452C2D422D00E6DD1B /* Frameworks */,
				F7E8B2462C2D422D00E6DD1B /* Resources */,
			);
			buildRules = (
			);
			dependencies = (
				F7E8B24A2C2D422D00E6DD1B /* PBXTargetDependency */,
			);
			name = "SwiftUI-AppetizerTests";
			productName = "SwiftUI-AppetizerTests";
			productReference = F7E8B2482C2D422D00E6DD1B /* SwiftUI-AppetizerTests.xctest */;
			productType = "com.apple.product-type.bundle.unit-test";
		};
		F7E8B2512C2D422D00E6DD1B /* SwiftUI-AppetizerUITests */ = {
			isa = PBXNativeTarget;
			buildConfigurationList = F7E8B2622C2D422D00E6DD1B /* Build configuration list for PBXNativeTarget "SwiftUI-AppetizerUITests" */;
			buildPhases = (
				F7E8B24E2C2D422D00E6DD1B /* Sources */,
				F7E8B24F2C2D422D00E6DD1B /* Frameworks */,
				F7E8B2502C2D422D00E6DD1B /* Resources */,
			);
			buildRules = (
			);
			dependencies = (
				F7E8B2542C2D422D00E6DD1B /* PBXTargetDependency */,
			);
			name = "SwiftUI-AppetizerUITests";
			productName = "SwiftUI-AppetizerUITests";
			productReference = F7E8B2522C2D422D00E6DD1B /* SwiftUI-AppetizerUITests.xctest */;
			productType = "com.apple.product-type.bundle.ui-testing";
		};
/* End PBXNativeTarget section */

/* Begin PBXProject section */
		F7E8B22E2C2D422A00E6DD1B /* Project object */ = {
			isa = PBXProject;
			attributes = {
				BuildIndependentTargetsInParallel = 1;
				LastSwiftUpdateCheck = 1540;
				LastUpgradeCheck = 1540;
				TargetAttributes = {
					F7E8B2352C2D422A00E6DD1B = {
						CreatedOnToolsVersion = 15.4;
					};
					F7E8B2472C2D422D00E6DD1B = {
						CreatedOnToolsVersion = 15.4;
						TestTargetID = F7E8B2352C2D422A00E6DD1B;
					};
					F7E8B2512C2D422D00E6DD1B = {
						CreatedOnToolsVersion = 15.4;
						TestTargetID = F7E8B2352C2D422A00E6DD1B;
					};
				};
			};
			buildConfigurationList = F7E8B2312C2D422A00E6DD1B /* Build configuration list for PBXProject "SwiftUI-Appetizer" */;
			compatibilityVersion = "Xcode 14.0";
			developmentRegion = en;
			hasScannedForEncodings = 0;
			knownRegions = (
				en,
				Base,
			);
			mainGroup = F7E8B22D2C2D422A00E6DD1B;
			productRefGroup = F7E8B2372C2D422A00E6DD1B /* Products */;
			projectDirPath = "";
			projectRoot = "";
			targets = (
				F7E8B2352C2D422A00E6DD1B /* SwiftUI-Appetizer */,
				F7E8B2472C2D422D00E6DD1B /* SwiftUI-AppetizerTests */,
				F7E8B2512C2D422D00E6DD1B /* SwiftUI-AppetizerUITests */,
			);
		};
/* End PBXProject section */

/* Begin PBXResourcesBuildPhase section */
		F7E8B2342C2D422A00E6DD1B /* Resources */ = {
			isa = PBXResourcesBuildPhase;
			buildActionMask = 2147483647;
			files = (
				F7E8B2432C2D422C00E6DD1B /* Preview Assets.xcassets in Resources */,
				F7E8B2402C2D422C00E6DD1B /* Assets.xcassets in Resources */,
			);
			runOnlyForDeploymentPostprocessing = 0;
		};
		F7E8B2462C2D422D00E6DD1B /* Resources */ = {
			isa = PBXResourcesBuildPhase;
			buildActionMask = 2147483647;
			files = (
			);
			runOnlyForDeploymentPostprocessing = 0;
		};
		F7E8B2502C2D422D00E6DD1B /* Resources */ = {
			isa = PBXResourcesBuildPhase;
			buildActionMask = 2147483647;
			files = (
			);
			runOnlyForDeploymentPostprocessing = 0;
		};
/* End PBXResourcesBuildPhase section */

/* Begin PBXSourcesBuildPhase section */
		F7E8B2322C2D422A00E6DD1B /* Sources */ = {
			isa = PBXSourcesBuildPhase;
			buildActionMask = 2147483647;
			files = (
				F7E8B2742C2D5FDA00E6DD1B /* AppetizerModel.swift in Sources */,
				F7E8B26F2C2D436A00E6DD1B /* AppetizerAccountView.swift in Sources */,
				F7E8B23C2C2D422B00E6DD1B /* AppetizerTabView.swift in Sources */,
				F7E8B2712C2D437300E6DD1B /* AppetizerOrderView.swift in Sources */,
				F7E8B26D2C2D436300E6DD1B /* AppetizerListView.swift in Sources */,
				F7E8B23E2C2D422B00E6DD1B /* Item.swift in Sources */,
				F7E8B23A2C2D422A00E6DD1B /* SwiftUI_AppetizerApp.swift in Sources */,
			);
			runOnlyForDeploymentPostprocessing = 0;
		};
		F7E8B2442C2D422D00E6DD1B /* Sources */ = {
			isa = PBXSourcesBuildPhase;
			buildActionMask = 2147483647;
			files = (
				F7E8B24D2C2D422D00E6DD1B /* SwiftUI_AppetizerTests.swift in Sources */,
			);
			runOnlyForDeploymentPostprocessing = 0;
		};
		F7E8B24E2C2D422D00E6DD1B /* Sources */ = {
			isa = PBXSourcesBuildPhase;
			buildActionMask = 2147483647;
			files = (
				F7E8B2572C2D422D00E6DD1B /* SwiftUI_AppetizerUITests.swift in Sources */,
				F7E8B2592C2D422D00E6DD1B /* SwiftUI_AppetizerUITestsLaunchTests.swift in Sources */,
			);
			runOnlyForDeploymentPostprocessing = 0;
		};
/* End PBXSourcesBuildPhase section */

/* Begin PBXTargetDependency section */
		F7E8B24A2C2D422D00E6DD1B /* PBXTargetDependency */ = {
			isa = PBXTargetDependency;
			target = F7E8B2352C2D422A00E6DD1B /* SwiftUI-Appetizer */;
			targetProxy = F7E8B2492C2D422D00E6DD1B /* PBXContainerItemProxy */;
		};
		F7E8B2542C2D422D00E6DD1B /* PBXTargetDependency */ = {
			isa = PBXTargetDependency;
			target = F7E8B2352C2D422A00E6DD1B /* SwiftUI-Appetizer */;
			targetProxy = F7E8B2532C2D422D00E6DD1B /* PBXContainerItemProxy */;
		};
/* End PBXTargetDependency section */

/* Begin XCBuildConfiguration section */
		F7E8B25A2C2D422D00E6DD1B /* Debug */ = {
			isa = XCBuildConfiguration;
			buildSettings = {
				ALWAYS_SEARCH_USER_PATHS = NO;
				ASSETCATALOG_COMPILER_GENERATE_SWIFT_ASSET_SYMBOL_EXTENSIONS = YES;
				CLANG_ANALYZER_NONNULL = YES;
				CLANG_ANALYZER_NUMBER_OBJECT_CONVERSION = YES_AGGRESSIVE;
				CLANG_CXX_LANGUAGE_STANDARD = "gnu++20";
				CLANG_ENABLE_MODULES = YES;
				CLANG_ENABLE_OBJC_ARC = YES;
				CLANG_ENABLE_OBJC_WEAK = YES;
				CLANG_WARN_BLOCK_CAPTURE_AUTORELEASING = YES;
				CLANG_WARN_BOOL_CONVERSION = YES;
				CLANG_WARN_COMMA = YES;
				CLANG_WARN_CONSTANT_CONVERSION = YES;
				CLANG_WARN_DEPRECATED_OBJC_IMPLEMENTATIONS = YES;
				CLANG_WARN_DIRECT_OBJC_ISA_USAGE = YES_ERROR;
				CLANG_WARN_DOCUMENTATION_COMMENTS = YES;
				CLANG_WARN_EMPTY_BODY = YES;
				CLANG_WARN_ENUM_CONVERSION = YES;
				CLANG_WARN_INFINITE_RECURSION = YES;
				CLANG_WARN_INT_CONVERSION = YES;
				CLANG_WARN_NON_LITERAL_NULL_CONVERSION = YES;
				CLANG_WARN_OBJC_IMPLICIT_RETAIN_SELF = YES;
				CLANG_WARN_OBJC_LITERAL_CONVERSION = YES;
				CLANG_WARN_OBJC_ROOT_CLASS = YES_ERROR;
				CLANG_WARN_QUOTED_INCLUDE_IN_FRAMEWORK_HEADER = YES;
				CLANG_WARN_RANGE_LOOP_ANALYSIS = YES;
				CLANG_WARN_STRICT_PROTOTYPES = YES;
				CLANG_WARN_SUSPICIOUS_MOVE = YES;
				CLANG_WARN_UNGUARDED_AVAILABILITY = YES_AGGRESSIVE;
				CLANG_WARN_UNREACHABLE_CODE = YES;
				CLANG_WARN__DUPLICATE_METHOD_MATCH = YES;
				COPY_PHASE_STRIP = NO;
				DEBUG_INFORMATION_FORMAT = dwarf;
				ENABLE_STRICT_OBJC_MSGSEND = YES;
				ENABLE_TESTABILITY = YES;
				ENABLE_USER_SCRIPT_SANDBOXING = YES;
				GCC_C_LANGUAGE_STANDARD = gnu17;
				GCC_DYNAMIC_NO_PIC = NO;
				GCC_NO_COMMON_BLOCKS = YES;
				GCC_OPTIMIZATION_LEVEL = 0;
				GCC_PREPROCESSOR_DEFINITIONS = (
					"DEBUG=1",
					"$(inherited)",
				);
				GCC_WARN_64_TO_32_BIT_CONVERSION = YES;
				GCC_WARN_ABOUT_RETURN_TYPE = YES_ERROR;
				GCC_WARN_UNDECLARED_SELECTOR = YES;
				GCC_WARN_UNINITIALIZED_AUTOS = YES_AGGRESSIVE;
				GCC_WARN_UNUSED_FUNCTION = YES;
				GCC_WARN_UNUSED_VARIABLE = YES;
				IPHONEOS_DEPLOYMENT_TARGET = 17.5;
				LOCALIZATION_PREFERS_STRING_CATALOGS = YES;
				MTL_ENABLE_DEBUG_INFO = INCLUDE_SOURCE;
				MTL_FAST_MATH = YES;
				ONLY_ACTIVE_ARCH = YES;
				SDKROOT = iphoneos;
				SWIFT_ACTIVE_COMPILATION_CONDITIONS = "DEBUG $(inherited)";
				SWIFT_OPTIMIZATION_LEVEL = "-Onone";
			};
			name = Debug;
		};
		F7E8B25B2C2D422D00E6DD1B /* Release */ = {
			isa = XCBuildConfiguration;
			buildSettings = {
				ALWAYS_SEARCH_USER_PATHS = NO;
				ASSETCATALOG_COMPILER_GENERATE_SWIFT_ASSET_SYMBOL_EXTENSIONS = YES;
				CLANG_ANALYZER_NONNULL = YES;
				CLANG_ANALYZER_NUMBER_OBJECT_CONVERSION = YES_AGGRESSIVE;
				CLANG_CXX_LANGUAGE_STANDARD = "gnu++20";
				CLANG_ENABLE_MODULES = YES;
				CLANG_ENABLE_OBJC_ARC = YES;
				CLANG_ENABLE_OBJC_WEAK = YES;
				CLANG_WARN_BLOCK_CAPTURE_AUTORELEASING = YES;
				CLANG_WARN_BOOL_CONVERSION = YES;
				CLANG_WARN_COMMA = YES;
				CLANG_WARN_CONSTANT_CONVERSION = YES;
				CLANG_WARN_DEPRECATED_OBJC_IMPLEMENTATIONS = YES;
				CLANG_WARN_DIRECT_OBJC_ISA_USAGE = YES_ERROR;
				CLANG_WARN_DOCUMENTATION_COMMENTS = YES;
				CLANG_WARN_EMPTY_BODY = YES;
				CLANG_WARN_ENUM_CONVERSION = YES;
				CLANG_WARN_INFINITE_RECURSION = YES;
				CLANG_WARN_INT_CONVERSION = YES;
				CLANG_WARN_NON_LITERAL_NULL_CONVERSION = YES;
				CLANG_WARN_OBJC_IMPLICIT_RETAIN_SELF = YES;
				CLANG_WARN_OBJC_LITERAL_CONVERSION = YES;
				CLANG_WARN_OBJC_ROOT_CLASS = YES_ERROR;
				CLANG_WARN_QUOTED_INCLUDE_IN_FRAMEWORK_HEADER = YES;
				CLANG_WARN_RANGE_LOOP_ANALYSIS = YES;
				CLANG_WARN_STRICT_PROTOTYPES = YES;
				CLANG_WARN_SUSPICIOUS_MOVE = YES;
				CLANG_WARN_UNGUARDED_AVAILABILITY = YES_AGGRESSIVE;
				CLANG_WARN_UNREACHABLE_CODE = YES;
				CLANG_WARN__DUPLICATE_METHOD_MATCH = YES;
				COPY_PHASE_STRIP = NO;
				DEBUG_INFORMATION_FORMAT = "dwarf-with-dsym";
				ENABLE_NS_ASSERTIONS = NO;
				ENABLE_STRICT_OBJC_MSGSEND = YES;
				ENABLE_USER_SCRIPT_SANDBOXING = YES;
				GCC_C_LANGUAGE_STANDARD = gnu17;
				GCC_NO_COMMON_BLOCKS = YES;
				GCC_WARN_64_TO_32_BIT_CONVERSION = YES;
				GCC_WARN_ABOUT_RETURN_TYPE = YES_ERROR;
				GCC_WARN_UNDECLARED_SELECTOR = YES;
				GCC_WARN_UNINITIALIZED_AUTOS = YES_AGGRESSIVE;
				GCC_WARN_UNUSED_FUNCTION = YES;
				GCC_WARN_UNUSED_VARIABLE = YES;
				IPHONEOS_DEPLOYMENT_TARGET = 17.5;
				LOCALIZATION_PREFERS_STRING_CATALOGS = YES;
				MTL_ENABLE_DEBUG_INFO = NO;
				MTL_FAST_MATH = YES;
				SDKROOT = iphoneos;
				SWIFT_COMPILATION_MODE = wholemodule;
				VALIDATE_PRODUCT = YES;
			};
			name = Release;
		};
		F7E8B25D2C2D422D00E6DD1B /* Debug */ = {
			isa = XCBuildConfiguration;
			buildSettings = {
				ASSETCATALOG_COMPILER_APPICON_NAME = AppIcon;
				ASSETCATALOG_COMPILER_GLOBAL_ACCENT_COLOR_NAME = AccentColor;
				CODE_SIGN_STYLE = Automatic;
				CURRENT_PROJECT_VERSION = 1;
				DEVELOPMENT_ASSET_PATHS = "\"SwiftUI-Appetizer/Preview Content\"";
				DEVELOPMENT_TEAM = 486ZHD6ZL5;
				ENABLE_PREVIEWS = YES;
				GENERATE_INFOPLIST_FILE = YES;
				INFOPLIST_KEY_UIApplicationSceneManifest_Generation = YES;
				INFOPLIST_KEY_UIApplicationSupportsIndirectInputEvents = YES;
				INFOPLIST_KEY_UILaunchScreen_Generation = YES;
				INFOPLIST_KEY_UISupportedInterfaceOrientations_iPad = "UIInterfaceOrientationPortrait UIInterfaceOrientationPortraitUpsideDown UIInterfaceOrientationLandscapeLeft UIInterfaceOrientationLandscapeRight";
				INFOPLIST_KEY_UISupportedInterfaceOrientations_iPhone = "UIInterfaceOrientationPortrait UIInterfaceOrientationLandscapeLeft UIInterfaceOrientationLandscapeRight";
				LD_RUNPATH_SEARCH_PATHS = (
					"$(inherited)",
					"@executable_path/Frameworks",
				);
				MARKETING_VERSION = 1.0;
				PRODUCT_BUNDLE_IDENTIFIER = "Radian-Rasyid.SwiftUI-Appetizer";
				PRODUCT_NAME = "$(TARGET_NAME)";
				SWIFT_EMIT_LOC_STRINGS = YES;
				SWIFT_VERSION = 5.0;
				TARGETED_DEVICE_FAMILY = "1,2";
			};
			name = Debug;
		};
		F7E8B25E2C2D422D00E6DD1B /* Release */ = {
			isa = XCBuildConfiguration;
			buildSettings = {
				ASSETCATALOG_COMPILER_APPICON_NAME = AppIcon;
				ASSETCATALOG_COMPILER_GLOBAL_ACCENT_COLOR_NAME = AccentColor;
				CODE_SIGN_STYLE = Automatic;
				CURRENT_PROJECT_VERSION = 1;
				DEVELOPMENT_ASSET_PATHS = "\"SwiftUI-Appetizer/Preview Content\"";
				DEVELOPMENT_TEAM = 486ZHD6ZL5;
				ENABLE_PREVIEWS = YES;
				GENERATE_INFOPLIST_FILE = YES;
				INFOPLIST_KEY_UIApplicationSceneManifest_Generation = YES;
				INFOPLIST_KEY_UIApplicationSupportsIndirectInputEvents = YES;
				INFOPLIST_KEY_UILaunchScreen_Generation = YES;
				INFOPLIST_KEY_UISupportedInterfaceOrientations_iPad = "UIInterfaceOrientationPortrait UIInterfaceOrientationPortraitUpsideDown UIInterfaceOrientationLandscapeLeft UIInterfaceOrientationLandscapeRight";
				INFOPLIST_KEY_UISupportedInterfaceOrientations_iPhone = "UIInterfaceOrientationPortrait UIInterfaceOrientationLandscapeLeft UIInterfaceOrientationLandscapeRight";
				LD_RUNPATH_SEARCH_PATHS = (
					"$(inherited)",
					"@executable_path/Frameworks",
				);
				MARKETING_VERSION = 1.0;
				PRODUCT_BUNDLE_IDENTIFIER = "Radian-Rasyid.SwiftUI-Appetizer";
				PRODUCT_NAME = "$(TARGET_NAME)";
				SWIFT_EMIT_LOC_STRINGS = YES;
				SWIFT_VERSION = 5.0;
				TARGETED_DEVICE_FAMILY = "1,2";
			};
			name = Release;
		};
		F7E8B2602C2D422D00E6DD1B /* Debug */ = {
			isa = XCBuildConfiguration;
			buildSettings = {
				ALWAYS_EMBED_SWIFT_STANDARD_LIBRARIES = YES;
				BUNDLE_LOADER = "$(TEST_HOST)";
				CODE_SIGN_STYLE = Automatic;
				CURRENT_PROJECT_VERSION = 1;
				DEVELOPMENT_TEAM = 486ZHD6ZL5;
				GENERATE_INFOPLIST_FILE = YES;
				IPHONEOS_DEPLOYMENT_TARGET = 17.5;
				MARKETING_VERSION = 1.0;
				PRODUCT_BUNDLE_IDENTIFIER = "Radian-Rasyid.SwiftUI-AppetizerTests";
				PRODUCT_NAME = "$(TARGET_NAME)";
				SWIFT_EMIT_LOC_STRINGS = NO;
				SWIFT_VERSION = 5.0;
				TARGETED_DEVICE_FAMILY = "1,2";
				TEST_HOST = "$(BUILT_PRODUCTS_DIR)/SwiftUI-Appetizer.app/$(BUNDLE_EXECUTABLE_FOLDER_PATH)/SwiftUI-Appetizer";
			};
			name = Debug;
		};
		F7E8B2612C2D422D00E6DD1B /* Release */ = {
			isa = XCBuildConfiguration;
			buildSettings = {
				ALWAYS_EMBED_SWIFT_STANDARD_LIBRARIES = YES;
				BUNDLE_LOADER = "$(TEST_HOST)";
				CODE_SIGN_STYLE = Automatic;
				CURRENT_PROJECT_VERSION = 1;
				DEVELOPMENT_TEAM = 486ZHD6ZL5;
				GENERATE_INFOPLIST_FILE = YES;
				IPHONEOS_DEPLOYMENT_TARGET = 17.5;
				MARKETING_VERSION = 1.0;
				PRODUCT_BUNDLE_IDENTIFIER = "Radian-Rasyid.SwiftUI-AppetizerTests";
				PRODUCT_NAME = "$(TARGET_NAME)";
				SWIFT_EMIT_LOC_STRINGS = NO;
				SWIFT_VERSION = 5.0;
				TARGETED_DEVICE_FAMILY = "1,2";
				TEST_HOST = "$(BUILT_PRODUCTS_DIR)/SwiftUI-Appetizer.app/$(BUNDLE_EXECUTABLE_FOLDER_PATH)/SwiftUI-Appetizer";
			};
			name = Release;
		};
		F7E8B2632C2D422D00E6DD1B /* Debug */ = {
			isa = XCBuildConfiguration;
			buildSettings = {
				ALWAYS_EMBED_SWIFT_STANDARD_LIBRARIES = YES;
				CODE_SIGN_STYLE = Automatic;
				CURRENT_PROJECT_VERSION = 1;
				DEVELOPMENT_TEAM = 486ZHD6ZL5;
				GENERATE_INFOPLIST_FILE = YES;
				MARKETING_VERSION = 1.0;
				PRODUCT_BUNDLE_IDENTIFIER = "Radian-Rasyid.SwiftUI-AppetizerUITests";
				PRODUCT_NAME = "$(TARGET_NAME)";
				SWIFT_EMIT_LOC_STRINGS = NO;
				SWIFT_VERSION = 5.0;
				TARGETED_DEVICE_FAMILY = "1,2";
				TEST_TARGET_NAME = "SwiftUI-Appetizer";
			};
			name = Debug;
		};
		F7E8B2642C2D422D00E6DD1B /* Release */ = {
			isa = XCBuildConfiguration;
			buildSettings = {
				ALWAYS_EMBED_SWIFT_STANDARD_LIBRARIES = YES;
				CODE_SIGN_STYLE = Automatic;
				CURRENT_PROJECT_VERSION = 1;
				DEVELOPMENT_TEAM = 486ZHD6ZL5;
				GENERATE_INFOPLIST_FILE = YES;
				MARKETING_VERSION = 1.0;
				PRODUCT_BUNDLE_IDENTIFIER = "Radian-Rasyid.SwiftUI-AppetizerUITests";
				PRODUCT_NAME = "$(TARGET_NAME)";
				SWIFT_EMIT_LOC_STRINGS = NO;
				SWIFT_VERSION = 5.0;
				TARGETED_DEVICE_FAMILY = "1,2";
				TEST_TARGET_NAME = "SwiftUI-Appetizer";
			};
			name = Release;
		};
/* End XCBuildConfiguration section */

/* Begin XCConfigurationList section */
		F7E8B2312C2D422A00E6DD1B /* Build configuration list for PBXProject "SwiftUI-Appetizer" */ = {
			isa = XCConfigurationList;
			buildConfigurations = (
				F7E8B25A2C2D422D00E6DD1B /* Debug */,
				F7E8B25B2C2D422D00E6DD1B /* Release */,
			);
			defaultConfigurationIsVisible = 0;
			defaultConfigurationName = Release;
		};
		F7E8B25C2C2D422D00E6DD1B /* Build configuration list for PBXNativeTarget "SwiftUI-Appetizer" */ = {
			isa = XCConfigurationList;
			buildConfigurations = (
				F7E8B25D2C2D422D00E6DD1B /* Debug */,
				F7E8B25E2C2D422D00E6DD1B /* Release */,
			);
			defaultConfigurationIsVisible = 0;
			defaultConfigurationName = Release;
		};
		F7E8B25F2C2D422D00E6DD1B /* Build configuration list for PBXNativeTarget "SwiftUI-AppetizerTests" */ = {
			isa = XCConfigurationList;
			buildConfigurations = (
				F7E8B2602C2D422D00E6DD1B /* Debug */,
				F7E8B2612C2D422D00E6DD1B /* Release */,
			);
			defaultConfigurationIsVisible = 0;
			defaultConfigurationName = Release;
		};
		F7E8B2622C2D422D00E6DD1B /* Build configuration list for PBXNativeTarget "SwiftUI-AppetizerUITests" */ = {
			isa = XCConfigurationList;
			buildConfigurations = (
				F7E8B2632C2D422D00E6DD1B /* Debug */,
				F7E8B2642C2D422D00E6DD1B /* Release */,
			);
			defaultConfigurationIsVisible = 0;
			defaultConfigurationName = Release;
		};
/* End XCConfigurationList section */
	};
	rootObject = F7E8B22E2C2D422A00E6DD1B /* Project object */;
}
